{
  "name": "vue-complier",
  "version": "1.0.0",
  "lockfileVersion": 2,
  "requires": true,
  "packages": {
    "": {
      "name": "vue-complier",
      "version": "1.0.0",
      "license": "ISC",
      "dependencies": {
        "@types/node": "^17.0.8",
        "vue-template-compiler": "^2.6.14"
      }
    },
    "node_modules/_de-indent@1.0.2@de-indent": {
      "name": "de-indent",
      "version": "1.0.2",
      "license": "MIT"
    },
    "node_modules/_he@1.2.0@he": {
      "name": "he",
      "version": "1.2.0",
      "license": "MIT",
      "bin": {
        "he": "bin/he"
      }
    },
    "node_modules/_vue-template-compiler@2.6.14@vue-template-compiler": {
      "name": "vue-template-compiler",
      "version": "2.6.14",
      "license": "MIT",
      "dependencies": {
        "de-indent": "^1.0.2",
        "he": "^1.1.0"
      }
    },
    "node_modules/_vue-template-compiler@2.6.14@vue-template-compiler/node_modules/de-indent": {
      "resolved": "node_modules/_de-indent@1.0.2@de-indent",
      "link": true
    },
    "node_modules/_vue-template-compiler@2.6.14@vue-template-compiler/node_modules/he": {
      "resolved": "node_modules/_he@1.2.0@he",
      "link": true
    },
    "node_modules/@types/node": {
      "version": "17.0.8",
      "resolved": "https://registry.npmmirror.com/@types/node/download/@types/node-17.0.8.tgz",
      "integrity": "sha512-YofkM6fGv4gDJq78g4j0mMuGMkZVxZDgtU0JRdx6FgiJDG+0fY0GKVolOV8WqVmEhLCXkQRjwDdKyPxJp/uucg==",
      "license": "MIT"
    },
    "node_modules/vue-template-compiler": {
      "resolved": "node_modules/_vue-template-compiler@2.6.14@vue-template-compiler",
      "link": true
    }
  },
  "dependencies": {
    "_de-indent@1.0.2@de-indent": {
      "version": "npm:de-indent@1.0.2"
    },
    "_he@1.2.0@he": {
      "version": "npm:he@1.2.0"
    },
    "_vue-template-compiler@2.6.14@vue-template-compiler": {
      "version": "npm:vue-template-compiler@2.6.14",
      "requires": {
        "de-indent": "^1.0.2",
        "he": "^1.1.0"
      },
      "dependencies": {
        "de-indent": {
          "version": "file:node_modules/_de-indent@1.0.2@de-indent"
        },
        "he": {
          "version": "file:node_modules/_he@1.2.0@he"
        }
      }
    },
    "@types/node": {
      "version": "17.0.8",
      "resolved": "https://registry.npmmirror.com/@types/node/download/@types/node-17.0.8.tgz",
      "integrity": "sha512-YofkM6fGv4gDJq78g4j0mMuGMkZVxZDgtU0JRdx6FgiJDG+0fY0GKVolOV8WqVmEhLCXkQRjwDdKyPxJp/uucg=="
    },
    "vue-template-compiler": {
      "version": "file:node_modules/_vue-template-compiler@2.6.14@vue-template-compiler",
      "requires": {
        "de-indent": "^1.0.2",
        "he": "^1.1.0"
      },
      "dependencies": {
        "de-indent": {
          "version": "file:node_modules/_de-indent@1.0.2@de-indent"
        },
        "he": {
          "version": "file:node_modules/_he@1.2.0@he"
        }
      }
    }
  }
}
